{
  "pins" : [
    {
      "identity" : "cryptoextensions",
      "kind" : "remoteSourceControl",
      "location" : "https://github.com/gal-yedidovich/CryptoExtensions",
      "state" : {
        "revision" : "d7e603211b157adb839f7613a5a33f5afbd35485",
        "version" : "1.1.6"
      }
    }
  ],
  "version" : 2
}
