{
  "pins" : [
    {
      "identity" : "cryptoextensions",
      "kind" : "remoteSourceControl",
      "location" : "https://github.com/gal-yedidovich/CryptoExtensions",
      "state" : {
        "revision" : "547a191ebe4eb311d1196de7903e603194718f44",
        "version" : "1.1.5"
      }
    }
  ],
  "version" : 2
}
